{
  "lockfileVersion": 1,
  "configVersion": 1,
  "workspaces": {
    "": {
      "name": "aisdk-conformance",
      "dependencies": {
        "ai": "^7.0.6",
      },
    },
  },
  "packages": {
    "@ai-sdk/gateway": ["@ai-sdk/gateway@4.0.5", "", { "dependencies": { "@ai-sdk/provider": "4.0.0", "@ai-sdk/provider-utils": "5.0.1", "@vercel/oidc": "3.2.0" }, "peerDependencies": { "zod": "^3.25.76 || ^4.1.8" } }, "sha512-Zh4hxzrelJE0DDhaH7bXeUsB7ecFusRs+F7XHf0Dael6ekKG1GZCZgPw/lALEqyn1Vk1hLB+jjQgIoMTjA5m3A=="],

    "@ai-sdk/provider": ["@ai-sdk/provider@4.0.0", "", { "dependencies": { "json-schema": "^0.4.0" } }, "sha512-fr9Gs89prDWiuox/T+kCA+i2cJkHpxU5S+tr4megjTzRC27ZsvFhwjU/+XrqqMbvBUlfmXxTOYWy8ng45dsjIg=="],

    "@ai-sdk/provider-utils": ["@ai-sdk/provider-utils@5.0.1", "", { "dependencies": { "@ai-sdk/provider": "4.0.0", "@standard-schema/spec": "^1.1.0", "@workflow/serde": "4.1.0", "eventsource-parser": "^3.0.8" }, "peerDependencies": { "zod": "^3.25.76 || ^4.1.8" } }, "sha512-p9Ra+dN4jjHrssXvklNf4nFvWbj1KePMfUOs7nue0NuoIMbYFBULhX4Vu0+6DWLnw3+UsLL9+RCKLtzzU43Qpg=="],

    "@standard-schema/spec": ["@standard-schema/spec@1.1.0", "", {}, "sha512-l2aFy5jALhniG5HgqrD6jXLi/rUWrKvqN/qJx6yoJsgKhblVd+iqqU4RCXavm/jPityDo5TCvKMnpjKnOriy0w=="],

    "@vercel/oidc": ["@vercel/oidc@3.2.0", "", {}, "sha512-UycprH3T6n3jH0k44NHMa7pnFHGu/N05MjojYr+Mc6I7obkoLIJujSWwin1pCvdy/eOxrI/l3uDLQsmcrOb4ug=="],

    "@workflow/serde": ["@workflow/serde@4.1.0", "", {}, "sha512-pav4F2BoirECWR7Nf1TKt+2eETcBj7jj4cBefQ8VXQCA6NPkaKeLfj/zMgi+3zYV5ZIBT4GuUiphsj0/b9hPQQ=="],

    "ai": ["ai@7.0.6", "", { "dependencies": { "@ai-sdk/gateway": "4.0.5", "@ai-sdk/provider": "4.0.0", "@ai-sdk/provider-utils": "5.0.1" }, "peerDependencies": { "zod": "^3.25.76 || ^4.1.8" } }, "sha512-RCina0WKhFgHQJHHOq+F11r9eaUo+Npcb84m7FDoYIVdG3IgeUb23fYfmqUTWIekI85c3GjkaTUxThiH3qHfkw=="],

    "eventsource-parser": ["eventsource-parser@3.0.8", "", {}, "sha512-70QWGkr4snxr0OXLRWsFLeRBIRPuQOvt4s8QYjmUlmlkyTZkRqS7EDVRZtzU3TiyDbXSzaOeF0XUKy8PchzukQ=="],

    "json-schema": ["json-schema@0.4.0", "", {}, "sha512-es94M3nTIfsEPisRafak+HDLfHXnKBhV3vU5eqPcS3flIWqcxJWgXHXiey3YrpaNsanY5ei1VoYEbOzijuq9BA=="],

    "zod": ["zod@4.4.3", "", {}, "sha512-ytENFjIJFl2UwYglde2jchW2Hwm4GJFLDiSXWdTrJQBIN9Fcyp7n4DhxJEiWNAJMV1/BqWfW/kkg71UDcHJyTQ=="],
  }
}
